# This file is generated by running "yarn install" inside your project.
# Manual changes might be lost - proceed with caution!

__metadata:
  version: 8
  cacheKey: 10c0

"@borewit/text-codec@npm:^0.2.1":
  version: 0.2.1
  resolution: "@borewit/text-codec@npm:0.2.1"
  checksum: 10c0/aabd9c86497197aacc9ddb413857f112a98a9fd4be9ed56a24971a47bbec7c0d5d449efcad830f9895009c1a5914e5c448f972a0c968e97c4ebf99297dea7a6b
  languageName: node
  linkType: hard

"@tokenizer/inflate@npm:^0.4.1":
  version: 0.4.1
  resolution: "@tokenizer/inflate@npm:0.4.1"
  dependencies:
    debug: "npm:^4.4.3"
    token-types: "npm:^6.1.1"
  checksum: 10c0/9817516efe21d1ce3bdfb80a1f94efc8981064ce3873448ba79f4d81d96c0694c484c289bd042d346ae5536cf77f5aa9a367d39c3df700eb610761b7c306b4de
  languageName: node
  linkType: hard

"@tokenizer/token@npm:^0.3.0":
  version: 0.3.0
  resolution: "@tokenizer/token@npm:0.3.0"
  checksum: 10c0/7ab9a822d4b5ff3f5bca7f7d14d46bdd8432528e028db4a52be7fbf90c7f495cc1af1324691dda2813c6af8dc4b8eb29de3107d4508165f9aa5b53e7d501f155
  languageName: node
  linkType: hard

"content-type@npm:^1.0.5":
  version: 1.0.5
  resolution: "content-type@npm:1.0.5"
  checksum: 10c0/b76ebed15c000aee4678c3707e0860cb6abd4e680a598c0a26e17f0bfae723ec9cc2802f0ff1bc6e4d80603719010431d2231018373d4dde10f9ccff9dadf5af
  languageName: node
  linkType: hard

"debug@npm:^4.4.3":
  version: 4.4.3
  resolution: "debug@npm:4.4.3"
  dependencies:
    ms: "npm:^2.1.3"
  peerDependenciesMeta:
    supports-color:
      optional: true
  checksum: 10c0/d79136ec6c83ecbefd0f6a5593da6a9c91ec4d7ddc4b54c883d6e71ec9accb5f67a1a5e96d00a328196b5b5c86d365e98d8a3a70856aaf16b4e7b1985e67f5a6
  languageName: node
  linkType: hard

"file-type@npm:^21.3.0":
  version: 21.3.0
  resolution: "file-type@npm:21.3.0"
  dependencies:
    "@tokenizer/inflate": "npm:^0.4.1"
    strtok3: "npm:^10.3.4"
    token-types: "npm:^6.1.1"
    uint8array-extras: "npm:^1.4.0"
  checksum: 10c0/1b1fa909e6063044a6da1d2ea348ee4d747ed9286382d3f0d4d6532c11fb2ea9f2e7e67b2bc7d745d1bc937e05dee1aa8cb912c64250933bcb393a3744f4e284
  languageName: node
  linkType: hard

"ieee754@npm:^1.2.1":
  version: 1.2.1
  resolution: "ieee754@npm:1.2.1"
  checksum: 10c0/b0782ef5e0935b9f12883a2e2aa37baa75da6e66ce6515c168697b42160807d9330de9a32ec1ed73149aea02e0d822e572bca6f1e22bdcbd2149e13b050b17bb
  languageName: node
  linkType: hard

"media-typer@npm:^1.1.0":
  version: 1.1.0
  resolution: "media-typer@npm:1.1.0"
  checksum: 10c0/7b4baa40b25964bb90e2121ee489ec38642127e48d0cc2b6baa442688d3fde6262bfdca86d6bbf6ba708784afcac168c06840c71facac70e390f5f759ac121b9
  languageName: node
  linkType: hard

"ms@npm:^2.1.3":
  version: 2.1.3
  resolution: "ms@npm:2.1.3"
  checksum: 10c0/d924b57e7312b3b63ad21fc5b3dc0af5e78d61a1fc7cfb5457edaf26326bf62be5307cc87ffb6862ef1c2b33b0233cdb5d4f01c4c958cc0d660948b65a287a48
  languageName: node
  linkType: hard

"music-metadata@npm:^11.10.6":
  version: 11.10.6
  resolution: "music-metadata@npm:11.10.6"
  dependencies:
    "@borewit/text-codec": "npm:^0.2.1"
    "@tokenizer/token": "npm:^0.3.0"
    content-type: "npm:^1.0.5"
    debug: "npm:^4.4.3"
    file-type: "npm:^21.3.0"
    media-typer: "npm:^1.1.0"
    strtok3: "npm:^10.3.4"
    token-types: "npm:^6.1.2"
    uint8array-extras: "npm:^1.5.0"
    win-guid: "npm:^0.1.3"
  checksum: 10c0/1e17573d588313f1c9b88dc07f993a351214bde09da3313d4cbd16341c47d3759b0e9bd35c6b2c8e777cc0575be28e90d3973abfa9faf3f28bb323ab9dedfda5
  languageName: node
  linkType: hard

"music-rename@workspace:.":
  version: 0.0.0-use.local
  resolution: "music-rename@workspace:."
  dependencies:
    music-metadata: "npm:^11.10.6"
  languageName: unknown
  linkType: soft

"strtok3@npm:^10.3.4":
  version: 10.3.4
  resolution: "strtok3@npm:10.3.4"
  dependencies:
    "@tokenizer/token": "npm:^0.3.0"
  checksum: 10c0/277ab69e417f4545e364ffaf9d560c991f531045dbace32d77b5c822cccd76a608b782785a2c60595274288d4d32dced184a5c21dc20348791da697127dc69a8
  languageName: node
  linkType: hard

"token-types@npm:^6.1.1, token-types@npm:^6.1.2":
  version: 6.1.2
  resolution: "token-types@npm:6.1.2"
  dependencies:
    "@borewit/text-codec": "npm:^0.2.1"
    "@tokenizer/token": "npm:^0.3.0"
    ieee754: "npm:^1.2.1"
  checksum: 10c0/8786e28e3cb65b9e890bc3c38def98e6dfe4565538237f8c0e47dbe549ed8f5f00de8dc464717868308abb4729f1958f78f69e1c4c3deebbb685729113a6fee8
  languageName: node
  linkType: hard

"uint8array-extras@npm:^1.4.0, uint8array-extras@npm:^1.5.0":
  version: 1.5.0
  resolution: "uint8array-extras@npm:1.5.0"
  checksum: 10c0/0e74641ac7dadb02eadefc1ccdadba6010e007757bda824960de3c72bbe2b04e6d3af75648441f412148c4103261d54fcb60be45a2863beb76643a55fddba3bd
  languageName: node
  linkType: hard

"win-guid@npm:^0.1.3":
  version: 0.1.3
  resolution: "win-guid@npm:0.1.3"
  checksum: 10c0/20ab9bfb1d189746b955579adca96084e6d2f3ef216adf1c08a567484500f1b2902a414bc0120472b6b797b4f95629da658a1f01315519525b1d4b5d07b0629b
  languageName: node
  linkType: hard
